// !$*UTF8*$!
{
	archiveVersion = 1;
	classes = {
	};
	objectVersion = 46;
	objects = {

/* Begin PBXBuildFile section */
		FC868BC01BB1343F00869F03 /* AppDelegate.swift in Sources */ = {isa = PBXBuildFile; fileRef = FC868BBF1BB1343F00869F03 /* AppDelegate.swift */; };
		FC868BC21BB1343F00869F03 /* ViewController.swift in Sources */ = {isa = PBXBuildFile; fileRef = FC868BC11BB1343F00869F03 /* ViewController.swift */; };
		FC868BC51BB1343F00869F03 /* Main.storyboard in Resources */ = {isa = PBXBuildFile; fileRef = FC868BC31BB1343F00869F03 /* Main.storyboard */; };
		FC868BC71BB1343F00869F03 /* Assets.xcassets in Resources */ = {isa = PBXBuildFile; fileRef = FC868BC61BB1343F00869F03 /* Assets.xcassets */; };
		FC868BCA1BB1343F00869F03 /* LaunchScreen.storyboard in Resources */ = {isa = PBXBuildFile; fileRef = FC868BC81BB1343F00869F03 /* LaunchScreen.storyboard */; };
		FC8FDF7F1C12709600DD2DEF /* group.png in Resources */ = {isa = PBXBuildFile; fileRef = FC8FDF7E1C12709600DD2DEF /* group.png */; };
		FC8FDF811C12709A00DD2DEF /* group1.png in Resources */ = {isa = PBXBuildFile; fileRef = FC8FDF801C12709A00DD2DEF /* group1.png */; };
/* End PBXBuildFile section */

/* Begin PBXFileReference section */
		FC868BBC1BB1343F00869F03 /* How Many Fingers.app */ = {isa = PBXFileReference; explicitFileType = wrapper.application; includeInIndex = 0; path = "How Many Fingers.app"; sourceTree = BUILT_PRODUCTS_DIR; };
		FC868BBF1BB1343F00869F03 /* AppDelegate.swift */ = {isa = PBXFileReference; lastKnownFileType = sourcecode.swift; path = AppDelegate.swift; sourceTree = "<group>"; };
		FC868BC11BB1343F00869F03 /* ViewController.swift */ = {isa = PBXFileReference; lastKnownFileType = sourcecode.swift; path = ViewController.swift; sourceTree = "<group>"; };
		FC868BC41BB1343F00869F03 /* Base */ = {isa = PBXFileReference; lastKnownFileType = file.storyboard; name = Base; path = Base.lproj/Main.storyboard; sourceTree = "<group>"; };
		FC868BC61BB1343F00869F03 /* Assets.xcassets */ = {isa = PBXFileReference; lastKnownFileType = folder.assetcatalog; path = Assets.xcassets; sourceTree = "<group>"; };
		FC868BC91BB1343F00869F03 /* Base */ = {isa = PBXFileReference; lastKnownFileType = file.storyboard; name = Base; path = Base.lproj/LaunchScreen.storyboard; sourceTree = "<group>"; };
		FC868BCB1BB1343F00869F03 /* Info.plist */ = {isa = PBXFileReference; lastKnownFileType = text.plist.xml; path = Info.plist; sourceTree = "<group>"; };
		FC8FDF7E1C12709600DD2DEF /* group.png */ = {isa = PBXFileReference; lastKnownFileType = image.png; name = group.png; path = Assets.xcassets/AppIcon.appiconset/group.png; sourceTree = "<group>"; };
		FC8FDF801C12709A00DD2DEF /* group1.png */ = {isa = PBXFileReference; lastKnownFileType = image.png; name = group1.png; path = Assets.xcassets/AppIcon.appiconset/group1.png; sourceTree = "<group>"; };
/* End PBXFileReference section */

/* Begin PBXFrameworksBuildPhase section */
		FC868BB91BB1343F00869F03 /* Frameworks */ = {
			isa = PBXFrameworksBuildPhase;
			buildActionMask = 2147483647;
			files = (
			);
			runOnlyForDeploymentPostprocessing = 0;
		};
/* End PBXFrameworksBuildPhase section */

/* Begin PBXGroup section */
		FC868BB31BB1343F00869F03 = {
			isa = PBXGroup;
			children = (
				FC868BBE1BB1343F00869F03 /* How Many Fingers */,
				FC868BBD1BB1343F00869F03 /* Products */,
			);
			sourceTree = "<group>";
		};
		FC868BBD1BB1343F00869F03 /* Products */ = {
			isa = PBXGroup;
			children = (
				FC868BBC1BB1343F00869F03 /* How Many Fingers.app */,
			);
			name = Products;
			sourceTree = "<group>";
		};
		FC868BBE1BB1343F00869F03 /* How Many Fingers */ = {
			isa = PBXGroup;
			children = (
				FC868BBF1BB1343F00869F03 /* AppDelegate.swift */,
				FC868BC11BB1343F00869F03 /* ViewController.swift */,
				FC8FDF7E1C12709600DD2DEF /* group.png */,
				FC8FDF801C12709A00DD2DEF /* group1.png */,
				FC868BC31BB1343F00869F03 /* Main.storyboard */,
				FC868BC61BB1343F00869F03 /* Assets.xcassets */,
				FC868BC81BB1343F00869F03 /* LaunchScreen.storyboard */,
				FC868BCB1BB1343F00869F03 /* Info.plist */,
			);
			path = "How Many Fingers";
			sourceTree = "<group>";
		};
/* End PBXGroup section */

/* Begin PBXNativeTarget section */
		FC868BBB1BB1343F00869F03 /* How Many Fingers */ = {
			isa = PBXNativeTarget;
			buildConfigurationList = FC868BCE1BB1343F00869F03 /* Build configuration list for PBXNativeTarget "How Many Fingers" */;
			buildPhases = (
				FC868BB81BB1343F00869F03 /* Sources */,
				FC868BB91BB1343F00869F03 /* Frameworks */,
				FC868BBA1BB1343F00869F03 /* Resources */,
			);
			buildRules = (
			);
			dependencies = (
			);
			name = "How Many Fingers";
			productName = "How Many Fingers";
			productReference = FC868BBC1BB1343F00869F03 /* How Many Fingers.app */;
			productType = "com.apple.product-type.application";
		};
/* End PBXNativeTarget section */

/* Begin PBXProject section */
		FC868BB41BB1343F00869F03 /* Project object */ = {
			isa = PBXProject;
			attributes = {
				LastUpgradeCheck = 0710;
				ORGANIZATIONNAME = "Dhruv Upadhyay";
				TargetAttributes = {
					FC868BBB1BB1343F00869F03 = {
						CreatedOnToolsVersion = 7.1;
						DevelopmentTeam = 3GKN44XQ72;
					};
				};
			};
			buildConfigurationList = FC868BB71BB1343F00869F03 /* Build configuration list for PBXProject "How Many Fingers" */;
			compatibilityVersion = "Xcode 3.2";
			developmentRegion = English;
			hasScannedForEncodings = 0;
			knownRegions = (
				en,
				Base,
			);
			mainGroup = FC868BB31BB1343F00869F03;
			productRefGroup = FC868BBD1BB1343F00869F03 /* Products */;
			projectDirPath = "";
			projectRoot = "";
			targets = (
				FC868BBB1BB1343F00869F03 /* How Many Fingers */,
			);
		};
/* End PBXProject section */

/* Begin PBXResourcesBuildPhase section */
		FC868BBA1BB1343F00869F03 /* Resources */ = {
			isa = PBXResourcesBuildPhase;
			buildActionMask = 2147483647;
			files = (
				FC868BCA1BB1343F00869F03 /* LaunchScreen.storyboard in Resources */,
				FC8FDF7F1C12709600DD2DEF /* group.png in Resources */,
				FC868BC71BB1343F00869F03 /* Assets.xcassets in Resources */,
				FC868BC51BB1343F00869F03 /* Main.storyboard in Resources */,
				FC8FDF811C12709A00DD2DEF /* group1.png in Resources */,
			);
			runOnlyForDeploymentPostprocessing = 0;
		};
/* End PBXResourcesBuildPhase section */

/* Begin PBXSourcesBuildPhase section */
		FC868BB81BB1343F00869F03 /* Sources */ = {
			isa = PBXSourcesBuildPhase;
			buildActionMask = 2147483647;
			files = (
				FC868BC21BB1343F00869F03 /* ViewController.swift in Sources */,
				FC868BC01BB1343F00869F03 /* AppDelegate.swift in Sources */,
			);
			runOnlyForDeploymentPostprocessing = 0;
		};
/* End PBXSourcesBuildPhase section */

/* Begin PBXVariantGroup section */
		FC868BC31BB1343F00869F03 /* Main.storyboard */ = {
			isa = PBXVariantGroup;
			children = (
				FC868BC41BB1343F00869F03 /* Base */,
			);
			name = Main.storyboard;
			sourceTree = "<group>";
		};
		FC868BC81BB1343F00869F03 /* LaunchScreen.storyboard */ = {
			isa = PBXVariantGroup;
			children = (
				FC868BC91BB1343F00869F03 /* Base */,
			);
			name = LaunchScreen.storyboard;
			sourceTree = "<group>";
		};
/* End PBXVariantGroup section */

/* Begin XCBuildConfiguration section */
		FC868BCC1BB1343F00869F03 /* Debug */ = {
			isa = XCBuildConfiguration;
			buildSettings = {
				ALWAYS_SEARCH_USER_PATHS = NO;
				CLANG_CXX_LANGUAGE_STANDARD = "gnu++0x";
				CLANG_CXX_LIBRARY = "libc++";
				CLANG_ENABLE_MODULES = YES;
				CLANG_ENABLE_OBJC_ARC = YES;
				CLANG_WARN_BOOL_CONVERSION = YES;
				CLANG_WARN_CONSTANT_CONVERSION = YES;
				CLANG_WARN_DIRECT_OBJC_ISA_USAGE = YES_ERROR;
				CLANG_WARN_EMPTY_BODY = YES;
				CLANG_WARN_ENUM_CONVERSION = YES;
				CLANG_WARN_INT_CONVERSION = YES;
				CLANG_WARN_OBJC_ROOT_CLASS = YES_ERROR;
				CLANG_WARN_UNREACHABLE_CODE = YES;
				CLANG_WARN__DUPLICATE_METHOD_MATCH = YES;
				"CODE_SIGN_IDENTITY[sdk=iphoneos*]" = "iPhone Developer";
				COPY_PHASE_STRIP = NO;
				DEBUG_INFORMATION_FORMAT = dwarf;
				ENABLE_STRICT_OBJC_MSGSEND = YES;
				ENABLE_TESTABILITY = YES;
				GCC_C_LANGUAGE_STANDARD = gnu99;
				GCC_DYNAMIC_NO_PIC = NO;
				GCC_NO_COMMON_BLOCKS = YES;
				GCC_OPTIMIZATION_LEVEL = 0;
				GCC_PREPROCESSOR_DEFINITIONS = (
					"DEBUG=1",
					"$(inherited)",
				);
				GCC_WARN_64_TO_32_BIT_CONVERSION = YES;
				GCC_WARN_ABOUT_RETURN_TYPE = YES_ERROR;
				GCC_WARN_UNDECLARED_SELECTOR = YES;
				GCC_WARN_UNINITIALIZED_AUTOS = YES_AGGRESSIVE;
				GCC_WARN_UNUSED_FUNCTION = YES;
				GCC_WARN_UNUSED_VARIABLE = YES;
				IPHONEOS_DEPLOYMENT_TARGET = 9.1;
				MTL_ENABLE_DEBUG_INFO = YES;
				ONLY_ACTIVE_ARCH = YES;
				SDKROOT = iphoneos;
				SWIFT_OPTIMIZATION_LEVEL = "-Onone";
				TARGETED_DEVICE_FAMILY = "1,2";
			};
			name = Debug;
		};
		FC868BCD1BB1343F00869F03 /* Release */ = {
			isa = XCBuildConfiguration;
			buildSettings = {
				ALWAYS_SEARCH_USER_PATHS = NO;
				CLANG_CXX_LANGUAGE_STANDARD = "gnu++0x";
				CLANG_CXX_LIBRARY = "libc++";
				CLANG_ENABLE_MODULES = YES;
				CLANG_ENABLE_OBJC_ARC = YES;
				CLANG_WARN_BOOL_CONVERSION = YES;
				CLANG_WARN_CONSTANT_CONVERSION = YES;
				CLANG_WARN_DIRECT_OBJC_ISA_USAGE = YES_ERROR;
				CLANG_WARN_EMPTY_BODY = YES;
				CLANG_WARN_ENUM_CONVERSION = YES;
				CLANG_WARN_INT_CONVERSION = YES;
				CLANG_WARN_OBJC_ROOT_CLASS = YES_ERROR;
				CLANG_WARN_UNREACHABLE_CODE = YES;
				CLANG_WARN__DUPLICATE_METHOD_MATCH = YES;
				"CODE_SIGN_IDENTITY[sdk=iphoneos*]" = "iPhone Developer";
				COPY_PHASE_STRIP = NO;
				DEBUG_INFORMATION_FORMAT = "dwarf-with-dsym";
				ENABLE_NS_ASSERTIONS = NO;
				ENABLE_STRICT_OBJC_MSGSEND = YES;
				GCC_C_LANGUAGE_STANDARD = gnu99;
				GCC_NO_COMMON_BLOCKS = YES;
				GCC_WARN_64_TO_32_BIT_CONVERSION = YES;
				GCC_WARN_ABOUT_RETURN_TYPE = YES_ERROR;
				GCC_WARN_UNDECLARED_SELECTOR = YES;
				GCC_WARN_UNINITIALIZED_AUTOS = YES_AGGRESSIVE;
				GCC_WARN_UNUSED_FUNCTION = YES;
				GCC_WARN_UNUSED_VARIABLE = YES;
				IPHONEOS_DEPLOYMENT_TARGET = 9.1;
				MTL_ENABLE_DEBUG_INFO = NO;
				SDKROOT = iphoneos;
				TARGETED_DEVICE_FAMILY = "1,2";
				VALIDATE_PRODUCT = YES;
			};
			name = Release;
		};
		FC868BCF1BB1343F00869F03 /* Debug */ = {
			isa = XCBuildConfiguration;
			buildSettings = {
				ASSETCATALOG_COMPILER_APPICON_NAME = AppIcon;
				INFOPLIST_FILE = "How Many Fingers/Info.plist";
				IPHONEOS_DEPLOYMENT_TARGET = 9.0;
				LD_RUNPATH_SEARCH_PATHS = "$(inherited) @executable_path/Frameworks";
				PRODUCT_BUNDLE_IDENTIFIER = "Dhruv.How-Many-Fingers";
				PRODUCT_NAME = "$(TARGET_NAME)";
			};
			name = Debug;
		};
		FC868BD01BB1343F00869F03 /* Release */ = {
			isa = XCBuildConfiguration;
			buildSettings = {
				ASSETCATALOG_COMPILER_APPICON_NAME = AppIcon;
				INFOPLIST_FILE = "How Many Fingers/Info.plist";
				IPHONEOS_DEPLOYMENT_TARGET = 9.0;
				LD_RUNPATH_SEARCH_PATHS = "$(inherited) @executable_path/Frameworks";
				PRODUCT_BUNDLE_IDENTIFIER = "Dhruv.How-Many-Fingers";
				PRODUCT_NAME = "$(TARGET_NAME)";
			};
			name = Release;
		};
/* End XCBuildConfiguration section */

/* Begin XCConfigurationList section */
		FC868BB71BB1343F00869F03 /* Build configuration list for PBXProject "How Many Fingers" */ = {
			isa = XCConfigurationList;
			buildConfigurations = (
				FC868BCC1BB1343F00869F03 /* Debug */,
				FC868BCD1BB1343F00869F03 /* Release */,
			);
			defaultConfigurationIsVisible = 0;
			defaultConfigurationName = Release;
		};
		FC868BCE1BB1343F00869F03 /* Build configuration list for PBXNativeTarget "How Many Fingers" */ = {
			isa = XCConfigurationList;
			buildConfigurations = (
				FC868BCF1BB1343F00869F03 /* Debug */,
				FC868BD01BB1343F00869F03 /* Release */,
			);
			defaultConfigurationIsVisible = 0;
			defaultConfigurationName = Release;
		};
/* End XCConfigurationList section */
	};
	rootObject = FC868BB41BB1343F00869F03 /* Project object */;
}
